{
  "requires": true,
  "lockfileVersion": 1,
  "dependencies": {
    "jquery": {
      "version": "3.2.1",
      "resolved": "https://registry.npmjs.org/jquery/-/jquery-3.2.1.tgz",
      "integrity": "sha1-XE2d5lKvbNCncBVKYxu6ErAVx4c="
    },
    "jquery-colorbox": {
      "version": "1.6.4",
      "resolved": "https://registry.npmjs.org/jquery-colorbox/-/jquery-colorbox-1.6.4.tgz",
      "integrity": "sha1-eZRSUjpsSUg5Ik73AugH3rnAbMU=",
      "requires": {
        "jquery": "3.2.1"
      }
    }
  }
}
